
Microsoft Visual Studio Solution File, Format Version 12.00
# Visual Studio Version 17
VisualStudioVersion = 17.4.33110.190
MinimumVisualStudioVersion = 10.0.40219.1
Project("{FAE04EC0-301F-11D3-BF4B-00C04F79EFBC}") = "Beecrowd_1001", "Beecrowd_1001\Beecrowd_1001.csproj", "{3CC465BA-2CF8-4279-A75E-F6F2837338FF}"
EndProject
Global
	GlobalSection(SolutionConfigurationPlatforms) = preSolution
		Debug|Any CPU = Debug|Any CPU
		Release|Any CPU = Release|Any CPU
	EndGlobalSection
	GlobalSection(ProjectConfigurationPlatforms) = postSolution
		{3CC465BA-2CF8-4279-A75E-F6F2837338FF}.Debug|Any CPU.ActiveCfg = Debug|Any CPU
		{3CC465BA-2CF8-4279-A75E-F6F2837338FF}.Debug|Any CPU.Build.0 = Debug|Any CPU
		{3CC465BA-2CF8-4279-A75E-F6F2837338FF}.Release|Any CPU.ActiveCfg = Release|Any CPU
		{3CC465BA-2CF8-4279-A75E-F6F2837338FF}.Release|Any CPU.Build.0 = Release|Any CPU
	EndGlobalSection
	GlobalSection(SolutionProperties) = preSolution
		HideSolutionNode = FALSE
	EndGlobalSection
	GlobalSection(ExtensibilityGlobals) = postSolution
		SolutionGuid = {B509AA7A-3DBC-47D8-A3BF-E67A772F7505}
	EndGlobalSection
EndGlobal
