
Microsoft Visual Studio Solution File, Format Version 12.00
# Visual Studio Version 17
VisualStudioVersion = 17.4.33110.190
MinimumVisualStudioVersion = 10.0.40219.1
Project("{FAE04EC0-301F-11D3-BF4B-00C04F79EFBC}") = "Beecrowd_1008", "Beecrowd_1008\Beecrowd_1008.csproj", "{58D8A01F-82C3-419A-8379-13B6C478CF64}"
EndProject
Global
	GlobalSection(SolutionConfigurationPlatforms) = preSolution
		Debug|Any CPU = Debug|Any CPU
		Release|Any CPU = Release|Any CPU
	EndGlobalSection
	GlobalSection(ProjectConfigurationPlatforms) = postSolution
		{58D8A01F-82C3-419A-8379-13B6C478CF64}.Debug|Any CPU.ActiveCfg = Debug|Any CPU
		{58D8A01F-82C3-419A-8379-13B6C478CF64}.Debug|Any CPU.Build.0 = Debug|Any CPU
		{58D8A01F-82C3-419A-8379-13B6C478CF64}.Release|Any CPU.ActiveCfg = Release|Any CPU
		{58D8A01F-82C3-419A-8379-13B6C478CF64}.Release|Any CPU.Build.0 = Release|Any CPU
	EndGlobalSection
	GlobalSection(SolutionProperties) = preSolution
		HideSolutionNode = FALSE
	EndGlobalSection
	GlobalSection(ExtensibilityGlobals) = postSolution
		SolutionGuid = {42DE7E8F-33C6-47E7-832E-AED1E76B7F42}
	EndGlobalSection
EndGlobal
