
Microsoft Visual Studio Solution File, Format Version 12.00
# Visual Studio Version 17
VisualStudioVersion = 17.4.33110.190
MinimumVisualStudioVersion = 10.0.40219.1
Project("{FAE04EC0-301F-11D3-BF4B-00C04F79EFBC}") = "Beecrowd_1018", "Beecrowd_1018\Beecrowd_1018.csproj", "{BB658C3C-F057-4466-9AB1-E5541BE53E08}"
EndProject
Global
	GlobalSection(SolutionConfigurationPlatforms) = preSolution
		Debug|Any CPU = Debug|Any CPU
		Release|Any CPU = Release|Any CPU
	EndGlobalSection
	GlobalSection(ProjectConfigurationPlatforms) = postSolution
		{BB658C3C-F057-4466-9AB1-E5541BE53E08}.Debug|Any CPU.ActiveCfg = Debug|Any CPU
		{BB658C3C-F057-4466-9AB1-E5541BE53E08}.Debug|Any CPU.Build.0 = Debug|Any CPU
		{BB658C3C-F057-4466-9AB1-E5541BE53E08}.Release|Any CPU.ActiveCfg = Release|Any CPU
		{BB658C3C-F057-4466-9AB1-E5541BE53E08}.Release|Any CPU.Build.0 = Release|Any CPU
	EndGlobalSection
	GlobalSection(SolutionProperties) = preSolution
		HideSolutionNode = FALSE
	EndGlobalSection
	GlobalSection(ExtensibilityGlobals) = postSolution
		SolutionGuid = {FB944A6C-4921-439D-8FF2-A9F5F8900D9A}
	EndGlobalSection
EndGlobal
