
Microsoft Visual Studio Solution File, Format Version 12.00
# Visual Studio Version 17
VisualStudioVersion = 17.4.33110.190
MinimumVisualStudioVersion = 10.0.40219.1
Project("{FAE04EC0-301F-11D3-BF4B-00C04F79EFBC}") = "Beecrowd_1007", "Beecrowd_1007\Beecrowd_1007.csproj", "{CC4D0FF8-A075-4E5A-8F5E-1A0EDCA6437E}"
EndProject
Global
	GlobalSection(SolutionConfigurationPlatforms) = preSolution
		Debug|Any CPU = Debug|Any CPU
		Release|Any CPU = Release|Any CPU
	EndGlobalSection
	GlobalSection(ProjectConfigurationPlatforms) = postSolution
		{CC4D0FF8-A075-4E5A-8F5E-1A0EDCA6437E}.Debug|Any CPU.ActiveCfg = Debug|Any CPU
		{CC4D0FF8-A075-4E5A-8F5E-1A0EDCA6437E}.Debug|Any CPU.Build.0 = Debug|Any CPU
		{CC4D0FF8-A075-4E5A-8F5E-1A0EDCA6437E}.Release|Any CPU.ActiveCfg = Release|Any CPU
		{CC4D0FF8-A075-4E5A-8F5E-1A0EDCA6437E}.Release|Any CPU.Build.0 = Release|Any CPU
	EndGlobalSection
	GlobalSection(SolutionProperties) = preSolution
		HideSolutionNode = FALSE
	EndGlobalSection
	GlobalSection(ExtensibilityGlobals) = postSolution
		SolutionGuid = {EB79F620-B65F-4647-9B8F-74F508A46B7D}
	EndGlobalSection
EndGlobal
